// !$*UTF8*$!
{
	archiveVersion = 1;
	classes = {
	};
	objectVersion = 77;
	objects = {

/* Begin PBXBuildFile section */
		BBCF05932F931FE2009A5CB4 /* EventDetailView.swift in Sources */ = {isa = PBXBuildFile; fileRef = BBCF057F2F931FE2009A5CB4 /* EventDetailView.swift */; };
		BBCF05942F931FE2009A5CB4 /* HouseholdsListView.swift in Sources */ = {isa = PBXBuildFile; fileRef = BBCF05892F931FE2009A5CB4 /* HouseholdsListView.swift */; };
		BBCF05952F931FE2009A5CB4 /* OccasionDetailView.swift in Sources */ = {isa = PBXBuildFile; fileRef = BBCF05832F931FE2009A5CB4 /* OccasionDetailView.swift */; };
		BBCF05962F931FE2009A5CB4 /* Occasion.swift in Sources */ = {isa = PBXBuildFile; fileRef = BBCF057A2F931FE2009A5CB4 /* Occasion.swift */; };
		BBCF05972F931FE2009A5CB4 /* HouseholdDetailView.swift in Sources */ = {isa = PBXBuildFile; fileRef = BBCF05872F931FE2009A5CB4 /* HouseholdDetailView.swift */; };
		BBCF05982F931FE2009A5CB4 /* Event.swift in Sources */ = {isa = PBXBuildFile; fileRef = BBCF05772F931FE2009A5CB4 /* Event.swift */; };
		BBCF05992F931FE2009A5CB4 /* AddressFormatter.swift in Sources */ = {isa = PBXBuildFile; fileRef = BBCF058F2F931FE2009A5CB4 /* AddressFormatter.swift */; };
		BBCF059A2F931FE2009A5CB4 /* PersonDetailView.swift in Sources */ = {isa = PBXBuildFile; fileRef = BBCF058C2F931FE2009A5CB4 /* PersonDetailView.swift */; };
		BBCF059B2F931FE2009A5CB4 /* GiftIdeaFormView.swift in Sources */ = {isa = PBXBuildFile; fileRef = BBCF058B2F931FE2009A5CB4 /* GiftIdeaFormView.swift */; };
		BBCF059C2F931FE2009A5CB4 /* PersonFormView.swift in Sources */ = {isa = PBXBuildFile; fileRef = BBCF058D2F931FE2009A5CB4 /* PersonFormView.swift */; };
		BBCF059D2F931FE2009A5CB4 /* GiftIdea.swift in Sources */ = {isa = PBXBuildFile; fileRef = BBCF05782F931FE2009A5CB4 /* GiftIdea.swift */; };
		BBCF059E2F931FE2009A5CB4 /* ContactGroup.swift in Sources */ = {isa = PBXBuildFile; fileRef = BBCF05762F931FE2009A5CB4 /* ContactGroup.swift */; };
		BBCF059F2F931FE2009A5CB4 /* HouseholdFormView.swift in Sources */ = {isa = PBXBuildFile; fileRef = BBCF05882F931FE2009A5CB4 /* HouseholdFormView.swift */; };
		BBCF05A02F931FE2009A5CB4 /* Household.swift in Sources */ = {isa = PBXBuildFile; fileRef = BBCF05792F931FE2009A5CB4 /* Household.swift */; };
		BBCF05A12F931FE2009A5CB4 /* DashboardView.swift in Sources */ = {isa = PBXBuildFile; fileRef = BBCF057D2F931FE2009A5CB4 /* DashboardView.swift */; };
		BBCF05A22F931FE2009A5CB4 /* EventsListView.swift in Sources */ = {isa = PBXBuildFile; fileRef = BBCF05802F931FE2009A5CB4 /* EventsListView.swift */; };
		BBCF05A32F931FE2009A5CB4 /* DesignSystem.swift in Sources */ = {isa = PBXBuildFile; fileRef = BBCF05902F931FE2009A5CB4 /* DesignSystem.swift */; };
		BBCF05A42F931FE2009A5CB4 /* Person.swift in Sources */ = {isa = PBXBuildFile; fileRef = BBCF057B2F931FE2009A5CB4 /* Person.swift */; };
		BBCF05A52F931FE2009A5CB4 /* GroupsListView.swift in Sources */ = {isa = PBXBuildFile; fileRef = BBCF05852F931FE2009A5CB4 /* GroupsListView.swift */; };
		BBCF05A62F931FE2009A5CB4 /* GiftingDashboardView.swift in Sources */ = {isa = PBXBuildFile; fileRef = BBCF05822F931FE2009A5CB4 /* GiftingDashboardView.swift */; };
		BBCF05A82F932050009A5CB4 /* Assets.xcassets in Resources */ = {isa = PBXBuildFile; fileRef = BBCF05A72F932050009A5CB4 /* Assets.xcassets */; };
/* End PBXBuildFile section */

/* Begin PBXFileReference section */
		BBCF05682F931D2D009A5CB4 /* ContactsApp.app */ = {isa = PBXFileReference; explicitFileType = wrapper.application; includeInIndex = 0; path = ContactsApp.app; sourceTree = BUILT_PRODUCTS_DIR; };
		BBCF05762F931FE2009A5CB4 /* ContactGroup.swift */ = {isa = PBXFileReference; lastKnownFileType = sourcecode.swift; path = ContactGroup.swift; sourceTree = "<group>"; };
		BBCF05772F931FE2009A5CB4 /* Event.swift */ = {isa = PBXFileReference; lastKnownFileType = sourcecode.swift; path = Event.swift; sourceTree = "<group>"; };
		BBCF05782F931FE2009A5CB4 /* GiftIdea.swift */ = {isa = PBXFileReference; lastKnownFileType = sourcecode.swift; path = GiftIdea.swift; sourceTree = "<group>"; };
		BBCF05792F931FE2009A5CB4 /* Household.swift */ = {isa = PBXFileReference; lastKnownFileType = sourcecode.swift; path = Household.swift; sourceTree = "<group>"; };
		BBCF057A2F931FE2009A5CB4 /* Occasion.swift */ = {isa = PBXFileReference; lastKnownFileType = sourcecode.swift; path = Occasion.swift; sourceTree = "<group>"; };
		BBCF057B2F931FE2009A5CB4 /* Person.swift */ = {isa = PBXFileReference; lastKnownFileType = sourcecode.swift; path = Person.swift; sourceTree = "<group>"; };
		BBCF057D2F931FE2009A5CB4 /* DashboardView.swift */ = {isa = PBXFileReference; lastKnownFileType = sourcecode.swift; path = DashboardView.swift; sourceTree = "<group>"; };
		BBCF057F2F931FE2009A5CB4 /* EventDetailView.swift */ = {isa = PBXFileReference; lastKnownFileType = sourcecode.swift; path = EventDetailView.swift; sourceTree = "<group>"; };
		BBCF05802F931FE2009A5CB4 /* EventsListView.swift */ = {isa = PBXFileReference; lastKnownFileType = sourcecode.swift; path = EventsListView.swift; sourceTree = "<group>"; };
		BBCF05822F931FE2009A5CB4 /* GiftingDashboardView.swift */ = {isa = PBXFileReference; lastKnownFileType = sourcecode.swift; path = GiftingDashboardView.swift; sourceTree = "<group>"; };
		BBCF05832F931FE2009A5CB4 /* OccasionDetailView.swift */ = {isa = PBXFileReference; lastKnownFileType = sourcecode.swift; path = OccasionDetailView.swift; sourceTree = "<group>"; };
		BBCF05852F931FE2009A5CB4 /* GroupsListView.swift */ = {isa = PBXFileReference; lastKnownFileType = sourcecode.swift; path = GroupsListView.swift; sourceTree = "<group>"; };
		BBCF05872F931FE2009A5CB4 /* HouseholdDetailView.swift */ = {isa = PBXFileReference; lastKnownFileType = sourcecode.swift; path = HouseholdDetailView.swift; sourceTree = "<group>"; };
		BBCF05882F931FE2009A5CB4 /* HouseholdFormView.swift */ = {isa = PBXFileReference; lastKnownFileType = sourcecode.swift; path = HouseholdFormView.swift; sourceTree = "<group>"; };
		BBCF05892F931FE2009A5CB4 /* HouseholdsListView.swift */ = {isa = PBXFileReference; lastKnownFileType = sourcecode.swift; path = HouseholdsListView.swift; sourceTree = "<group>"; };
		BBCF058B2F931FE2009A5CB4 /* GiftIdeaFormView.swift */ = {isa = PBXFileReference; lastKnownFileType = sourcecode.swift; path = GiftIdeaFormView.swift; sourceTree = "<group>"; };
		BBCF058C2F931FE2009A5CB4 /* PersonDetailView.swift */ = {isa = PBXFileReference; lastKnownFileType = sourcecode.swift; path = PersonDetailView.swift; sourceTree = "<group>"; };
		BBCF058D2F931FE2009A5CB4 /* PersonFormView.swift */ = {isa = PBXFileReference; lastKnownFileType = sourcecode.swift; path = PersonFormView.swift; sourceTree = "<group>"; };
		BBCF058F2F931FE2009A5CB4 /* AddressFormatter.swift */ = {isa = PBXFileReference; lastKnownFileType = sourcecode.swift; path = AddressFormatter.swift; sourceTree = "<group>"; };
		BBCF05902F931FE2009A5CB4 /* DesignSystem.swift */ = {isa = PBXFileReference; lastKnownFileType = sourcecode.swift; path = DesignSystem.swift; sourceTree = "<group>"; };
		BBCF05A72F932050009A5CB4 /* Assets.xcassets */ = {isa = PBXFileReference; lastKnownFileType = folder.assetcatalog; path = Assets.xcassets; sourceTree = "<group>"; };
/* End PBXFileReference section */

/* Begin PBXFrameworksBuildPhase section */
		BBCF05652F931D2D009A5CB4 /* Frameworks */ = {
			isa = PBXFrameworksBuildPhase;
			buildActionMask = 2147483647;
			files = (
			);
			runOnlyForDeploymentPostprocessing = 0;
		};
/* End PBXFrameworksBuildPhase section */

/* Begin PBXGroup section */
		BBCF055F2F931D2D009A5CB4 = {
			isa = PBXGroup;
			children = (
				BBCF05A72F932050009A5CB4 /* Assets.xcassets */,
				BBCF057C2F931FE2009A5CB4 /* Models */,
				BBCF05922F931FE2009A5CB4 /* Views */,
				BBCF05692F931D2D009A5CB4 /* Products */,
			);
			sourceTree = "<group>";
		};
		BBCF05692F931D2D009A5CB4 /* Products */ = {
			isa = PBXGroup;
			children = (
				BBCF05682F931D2D009A5CB4 /* ContactsApp.app */,
			);
			name = Products;
			sourceTree = "<group>";
		};
		BBCF057C2F931FE2009A5CB4 /* Models */ = {
			isa = PBXGroup;
			children = (
				BBCF05762F931FE2009A5CB4 /* ContactGroup.swift */,
				BBCF05772F931FE2009A5CB4 /* Event.swift */,
				BBCF05782F931FE2009A5CB4 /* GiftIdea.swift */,
				BBCF05792F931FE2009A5CB4 /* Household.swift */,
				BBCF057A2F931FE2009A5CB4 /* Occasion.swift */,
				BBCF057B2F931FE2009A5CB4 /* Person.swift */,
			);
			path = Models;
			sourceTree = "<group>";
		};
		BBCF057E2F931FE2009A5CB4 /* Dashboard */ = {
			isa = PBXGroup;
			children = (
				BBCF057D2F931FE2009A5CB4 /* DashboardView.swift */,
			);
			path = Dashboard;
			sourceTree = "<group>";
		};
		BBCF05812F931FE2009A5CB4 /* Events */ = {
			isa = PBXGroup;
			children = (
				BBCF057F2F931FE2009A5CB4 /* EventDetailView.swift */,
				BBCF05802F931FE2009A5CB4 /* EventsListView.swift */,
			);
			path = Events;
			sourceTree = "<group>";
		};
		BBCF05842F931FE2009A5CB4 /* Gifting */ = {
			isa = PBXGroup;
			children = (
				BBCF05822F931FE2009A5CB4 /* GiftingDashboardView.swift */,
				BBCF05832F931FE2009A5CB4 /* OccasionDetailView.swift */,
			);
			path = Gifting;
			sourceTree = "<group>";
		};
		BBCF05862F931FE2009A5CB4 /* Groups */ = {
			isa = PBXGroup;
			children = (
				BBCF05852F931FE2009A5CB4 /* GroupsListView.swift */,
			);
			path = Groups;
			sourceTree = "<group>";
		};
		BBCF058A2F931FE2009A5CB4 /* Households */ = {
			isa = PBXGroup;
			children = (
				BBCF05872F931FE2009A5CB4 /* HouseholdDetailView.swift */,
				BBCF05882F931FE2009A5CB4 /* HouseholdFormView.swift */,
				BBCF05892F931FE2009A5CB4 /* HouseholdsListView.swift */,
			);
			path = Households;
			sourceTree = "<group>";
		};
		BBCF058E2F931FE2009A5CB4 /* People */ = {
			isa = PBXGroup;
			children = (
				BBCF058B2F931FE2009A5CB4 /* GiftIdeaFormView.swift */,
				BBCF058C2F931FE2009A5CB4 /* PersonDetailView.swift */,
				BBCF058D2F931FE2009A5CB4 /* PersonFormView.swift */,
			);
			path = People;
			sourceTree = "<group>";
		};
		BBCF05912F931FE2009A5CB4 /* Shared */ = {
			isa = PBXGroup;
			children = (
				BBCF058F2F931FE2009A5CB4 /* AddressFormatter.swift */,
				BBCF05902F931FE2009A5CB4 /* DesignSystem.swift */,
			);
			path = Shared;
			sourceTree = "<group>";
		};
		BBCF05922F931FE2009A5CB4 /* Views */ = {
			isa = PBXGroup;
			children = (
				BBCF057E2F931FE2009A5CB4 /* Dashboard */,
				BBCF05812F931FE2009A5CB4 /* Events */,
				BBCF05842F931FE2009A5CB4 /* Gifting */,
				BBCF05862F931FE2009A5CB4 /* Groups */,
				BBCF058A2F931FE2009A5CB4 /* Households */,
				BBCF058E2F931FE2009A5CB4 /* People */,
				BBCF05912F931FE2009A5CB4 /* Shared */,
			);
			path = Views;
			sourceTree = "<group>";
		};
/* End PBXGroup section */

/* Begin PBXNativeTarget section */
		BBCF05672F931D2D009A5CB4 /* ContactsApp */ = {
			isa = PBXNativeTarget;
			buildConfigurationList = BBCF05732F931D2D009A5CB4 /* Build configuration list for PBXNativeTarget "ContactsApp" */;
			buildPhases = (
				BBCF05642F931D2D009A5CB4 /* Sources */,
				BBCF05652F931D2D009A5CB4 /* Frameworks */,
				BBCF05662F931D2D009A5CB4 /* Resources */,
			);
			buildRules = (
			);
			dependencies = (
			);
			name = ContactsApp;
			packageProductDependencies = (
			);
			productName = ContactsApp;
			productReference = BBCF05682F931D2D009A5CB4 /* ContactsApp.app */;
			productType = "com.apple.product-type.application";
		};
/* End PBXNativeTarget section */

/* Begin PBXProject section */
		BBCF05602F931D2D009A5CB4 /* Project object */ = {
			isa = PBXProject;
			attributes = {
				BuildIndependentTargetsInParallel = 1;
				LastSwiftUpdateCheck = 2640;
				LastUpgradeCheck = 2640;
				TargetAttributes = {
					BBCF05672F931D2D009A5CB4 = {
						CreatedOnToolsVersion = 26.4.1;
					};
				};
			};
			buildConfigurationList = BBCF05632F931D2D009A5CB4 /* Build configuration list for PBXProject "ContactsApp" */;
			developmentRegion = en;
			hasScannedForEncodings = 0;
			knownRegions = (
				en,
				Base,
			);
			mainGroup = BBCF055F2F931D2D009A5CB4;
			minimizedProjectReferenceProxies = 1;
			preferredProjectObjectVersion = 77;
			productRefGroup = BBCF05692F931D2D009A5CB4 /* Products */;
			projectDirPath = "";
			projectRoot = "";
			targets = (
				BBCF05672F931D2D009A5CB4 /* ContactsApp */,
			);
		};
/* End PBXProject section */

/* Begin PBXResourcesBuildPhase section */
		BBCF05662F931D2D009A5CB4 /* Resources */ = {
			isa = PBXResourcesBuildPhase;
			buildActionMask = 2147483647;
			files = (
				BBCF05A82F932050009A5CB4 /* Assets.xcassets in Resources */,
			);
			runOnlyForDeploymentPostprocessing = 0;
		};
/* End PBXResourcesBuildPhase section */

/* Begin PBXSourcesBuildPhase section */
		BBCF05642F931D2D009A5CB4 /* Sources */ = {
			isa = PBXSourcesBuildPhase;
			buildActionMask = 2147483647;
			files = (
				BBCF05932F931FE2009A5CB4 /* EventDetailView.swift in Sources */,
				BBCF05942F931FE2009A5CB4 /* HouseholdsListView.swift in Sources */,
				BBCF05952F931FE2009A5CB4 /* OccasionDetailView.swift in Sources */,
				BBCF05962F931FE2009A5CB4 /* Occasion.swift in Sources */,
				BBCF05972F931FE2009A5CB4 /* HouseholdDetailView.swift in Sources */,
				BBCF05982F931FE2009A5CB4 /* Event.swift in Sources */,
				BBCF05992F931FE2009A5CB4 /* AddressFormatter.swift in Sources */,
				BBCF059A2F931FE2009A5CB4 /* PersonDetailView.swift in Sources */,
				BBCF059B2F931FE2009A5CB4 /* GiftIdeaFormView.swift in Sources */,
				BBCF059C2F931FE2009A5CB4 /* PersonFormView.swift in Sources */,
				BBCF059D2F931FE2009A5CB4 /* GiftIdea.swift in Sources */,
				BBCF059E2F931FE2009A5CB4 /* ContactGroup.swift in Sources */,
				BBCF059F2F931FE2009A5CB4 /* HouseholdFormView.swift in Sources */,
				BBCF05A02F931FE2009A5CB4 /* Household.swift in Sources */,
				BBCF05A12F931FE2009A5CB4 /* DashboardView.swift in Sources */,
				BBCF05A22F931FE2009A5CB4 /* EventsListView.swift in Sources */,
				BBCF05A32F931FE2009A5CB4 /* DesignSystem.swift in Sources */,
				BBCF05A42F931FE2009A5CB4 /* Person.swift in Sources */,
				BBCF05A52F931FE2009A5CB4 /* GroupsListView.swift in Sources */,
				BBCF05A62F931FE2009A5CB4 /* GiftingDashboardView.swift in Sources */,
			);
			runOnlyForDeploymentPostprocessing = 0;
		};
/* End PBXSourcesBuildPhase section */

/* Begin XCBuildConfiguration section */
		BBCF05712F931D2D009A5CB4 /* Debug */ = {
			isa = XCBuildConfiguration;
			buildSettings = {
				ALWAYS_SEARCH_USER_PATHS = NO;
				ASSETCATALOG_COMPILER_GENERATE_SWIFT_ASSET_SYMBOL_EXTENSIONS = YES;
				CLANG_ANALYZER_NONNULL = YES;
				CLANG_ANALYZER_NUMBER_OBJECT_CONVERSION = YES_AGGRESSIVE;
				CLANG_CXX_LANGUAGE_STANDARD = "gnu++20";
				CLANG_ENABLE_MODULES = YES;
				CLANG_ENABLE_OBJC_ARC = YES;
				CLANG_ENABLE_OBJC_WEAK = YES;
				CLANG_WARN_BLOCK_CAPTURE_AUTORELEASING = YES;
				CLANG_WARN_BOOL_CONVERSION = YES;
				CLANG_WARN_COMMA = YES;
				CLANG_WARN_CONSTANT_CONVERSION = YES;
				CLANG_WARN_DEPRECATED_OBJC_IMPLEMENTATIONS = YES;
				CLANG_WARN_DIRECT_OBJC_ISA_USAGE = YES_ERROR;
				CLANG_WARN_DOCUMENTATION_COMMENTS = YES;
				CLANG_WARN_EMPTY_BODY = YES;
				CLANG_WARN_ENUM_CONVERSION = YES;
				CLANG_WARN_INFINITE_RECURSION = YES;
				CLANG_WARN_INT_CONVERSION = YES;
				CLANG_WARN_NON_LITERAL_NULL_CONVERSION = YES;
				CLANG_WARN_OBJC_IMPLICIT_RETAIN_SELF = YES;
				CLANG_WARN_OBJC_LITERAL_CONVERSION = YES;
				CLANG_WARN_OBJC_ROOT_CLASS = YES_ERROR;
				CLANG_WARN_QUOTED_INCLUDE_IN_FRAMEWORK_HEADER = YES;
				CLANG_WARN_RANGE_LOOP_ANALYSIS = YES;
				CLANG_WARN_STRICT_PROTOTYPES = YES;
				CLANG_WARN_SUSPICIOUS_MOVE = YES;
				CLANG_WARN_UNGUARDED_AVAILABILITY = YES_AGGRESSIVE;
				CLANG_WARN_UNREACHABLE_CODE = YES;
				CLANG_WARN__DUPLICATE_METHOD_MATCH = YES;
				COPY_PHASE_STRIP = NO;
				DEBUG_INFORMATION_FORMAT = dwarf;
				ENABLE_STRICT_OBJC_MSGSEND = YES;
				ENABLE_TESTABILITY = YES;
				ENABLE_USER_SCRIPT_SANDBOXING = YES;
				GCC_C_LANGUAGE_STANDARD = gnu17;
				GCC_DYNAMIC_NO_PIC = NO;
				GCC_NO_COMMON_BLOCKS = YES;
				GCC_OPTIMIZATION_LEVEL = 0;
				GCC_PREPROCESSOR_DEFINITIONS = (
					"DEBUG=1",
					"$(inherited)",
				);
				GCC_WARN_64_TO_32_BIT_CONVERSION = YES;
				GCC_WARN_ABOUT_RETURN_TYPE = YES_ERROR;
				GCC_WARN_UNDECLARED_SELECTOR = YES;
				GCC_WARN_UNINITIALIZED_AUTOS = YES_AGGRESSIVE;
				GCC_WARN_UNUSED_FUNCTION = YES;
				GCC_WARN_UNUSED_VARIABLE = YES;
				IPHONEOS_DEPLOYMENT_TARGET = 26.4;
				LOCALIZATION_PREFERS_STRING_CATALOGS = YES;
				MTL_ENABLE_DEBUG_INFO = INCLUDE_SOURCE;
				MTL_FAST_MATH = YES;
				ONLY_ACTIVE_ARCH = YES;
				SDKROOT = iphoneos;
				SWIFT_ACTIVE_COMPILATION_CONDITIONS = "DEBUG $(inherited)";
				SWIFT_OPTIMIZATION_LEVEL = "-Onone";
			};
			name = Debug;
		};
		BBCF05722F931D2D009A5CB4 /* Release */ = {
			isa = XCBuildConfiguration;
			buildSettings = {
				ALWAYS_SEARCH_USER_PATHS = NO;
				ASSETCATALOG_COMPILER_GENERATE_SWIFT_ASSET_SYMBOL_EXTENSIONS = YES;
				CLANG_ANALYZER_NONNULL = YES;
				CLANG_ANALYZER_NUMBER_OBJECT_CONVERSION = YES_AGGRESSIVE;
				CLANG_CXX_LANGUAGE_STANDARD = "gnu++20";
				CLANG_ENABLE_MODULES = YES;
				CLANG_ENABLE_OBJC_ARC = YES;
				CLANG_ENABLE_OBJC_WEAK = YES;
				CLANG_WARN_BLOCK_CAPTURE_AUTORELEASING = YES;
				CLANG_WARN_BOOL_CONVERSION = YES;
				CLANG_WARN_COMMA = YES;
				CLANG_WARN_CONSTANT_CONVERSION = YES;
				CLANG_WARN_DEPRECATED_OBJC_IMPLEMENTATIONS = YES;
				CLANG_WARN_DIRECT_OBJC_ISA_USAGE = YES_ERROR;
				CLANG_WARN_DOCUMENTATION_COMMENTS = YES;
				CLANG_WARN_EMPTY_BODY = YES;
				CLANG_WARN_ENUM_CONVERSION = YES;
				CLANG_WARN_INFINITE_RECURSION = YES;
				CLANG_WARN_INT_CONVERSION = YES;
				CLANG_WARN_NON_LITERAL_NULL_CONVERSION = YES;
				CLANG_WARN_OBJC_IMPLICIT_RETAIN_SELF = YES;
				CLANG_WARN_OBJC_LITERAL_CONVERSION = YES;
				CLANG_WARN_OBJC_ROOT_CLASS = YES_ERROR;
				CLANG_WARN_QUOTED_INCLUDE_IN_FRAMEWORK_HEADER = YES;
				CLANG_WARN_RANGE_LOOP_ANALYSIS = YES;
				CLANG_WARN_STRICT_PROTOTYPES = YES;
				CLANG_WARN_SUSPICIOUS_MOVE = YES;
				CLANG_WARN_UNGUARDED_AVAILABILITY = YES_AGGRESSIVE;
				CLANG_WARN_UNREACHABLE_CODE = YES;
				CLANG_WARN__DUPLICATE_METHOD_MATCH = YES;
				COPY_PHASE_STRIP = NO;
				DEBUG_INFORMATION_FORMAT = "dwarf-with-dsym";
				ENABLE_NS_ASSERTIONS = NO;
				ENABLE_STRICT_OBJC_MSGSEND = YES;
				ENABLE_USER_SCRIPT_SANDBOXING = YES;
				GCC_C_LANGUAGE_STANDARD = gnu17;
				GCC_NO_COMMON_BLOCKS = YES;
				GCC_WARN_64_TO_32_BIT_CONVERSION = YES;
				GCC_WARN_ABOUT_RETURN_TYPE = YES_ERROR;
				GCC_WARN_UNDECLARED_SELECTOR = YES;
				GCC_WARN_UNINITIALIZED_AUTOS = YES_AGGRESSIVE;
				GCC_WARN_UNUSED_FUNCTION = YES;
				GCC_WARN_UNUSED_VARIABLE = YES;
				IPHONEOS_DEPLOYMENT_TARGET = 26.4;
				LOCALIZATION_PREFERS_STRING_CATALOGS = YES;
				MTL_ENABLE_DEBUG_INFO = NO;
				MTL_FAST_MATH = YES;
				SDKROOT = iphoneos;
				SWIFT_COMPILATION_MODE = wholemodule;
				VALIDATE_PRODUCT = YES;
			};
			name = Release;
		};
		BBCF05742F931D2D009A5CB4 /* Debug */ = {
			isa = XCBuildConfiguration;
			buildSettings = {
				ASSETCATALOG_COMPILER_APPICON_NAME = AppIcon;
				ASSETCATALOG_COMPILER_GLOBAL_ACCENT_COLOR_NAME = AccentColor;
				CODE_SIGN_STYLE = Automatic;
				CURRENT_PROJECT_VERSION = 1;
				ENABLE_PREVIEWS = YES;
				GENERATE_INFOPLIST_FILE = YES;
				INFOPLIST_KEY_UIApplicationSceneManifest_Generation = YES;
				INFOPLIST_KEY_UIApplicationSupportsIndirectInputEvents = YES;
				INFOPLIST_KEY_UILaunchScreen_Generation = YES;
				INFOPLIST_KEY_UISupportedInterfaceOrientations_iPad = "UIInterfaceOrientationPortrait UIInterfaceOrientationPortraitUpsideDown UIInterfaceOrientationLandscapeLeft UIInterfaceOrientationLandscapeRight";
				INFOPLIST_KEY_UISupportedInterfaceOrientations_iPhone = "UIInterfaceOrientationPortrait UIInterfaceOrientationLandscapeLeft UIInterfaceOrientationLandscapeRight";
				LD_RUNPATH_SEARCH_PATHS = (
					"$(inherited)",
					"@executable_path/Frameworks",
				);
				MARKETING_VERSION = 1.0;
				PRODUCT_BUNDLE_IDENTIFIER = Oen.ContactsApp;
				PRODUCT_NAME = "$(TARGET_NAME)";
				STRING_CATALOG_GENERATE_SYMBOLS = YES;
				SWIFT_APPROACHABLE_CONCURRENCY = YES;
				SWIFT_DEFAULT_ACTOR_ISOLATION = MainActor;
				SWIFT_EMIT_LOC_STRINGS = YES;
				SWIFT_UPCOMING_FEATURE_MEMBER_IMPORT_VISIBILITY = YES;
				SWIFT_VERSION = 5.0;
				TARGETED_DEVICE_FAMILY = "1,2";
			};
			name = Debug;
		};
		BBCF05752F931D2D009A5CB4 /* Release */ = {
			isa = XCBuildConfiguration;
			buildSettings = {
				ASSETCATALOG_COMPILER_APPICON_NAME = AppIcon;
				ASSETCATALOG_COMPILER_GLOBAL_ACCENT_COLOR_NAME = AccentColor;
				CODE_SIGN_STYLE = Automatic;
				CURRENT_PROJECT_VERSION = 1;
				ENABLE_PREVIEWS = YES;
				GENERATE_INFOPLIST_FILE = YES;
				INFOPLIST_KEY_UIApplicationSceneManifest_Generation = YES;
				INFOPLIST_KEY_UIApplicationSupportsIndirectInputEvents = YES;
				INFOPLIST_KEY_UILaunchScreen_Generation = YES;
				INFOPLIST_KEY_UISupportedInterfaceOrientations_iPad = "UIInterfaceOrientationPortrait UIInterfaceOrientationPortraitUpsideDown UIInterfaceOrientationLandscapeLeft UIInterfaceOrientationLandscapeRight";
				INFOPLIST_KEY_UISupportedInterfaceOrientations_iPhone = "UIInterfaceOrientationPortrait UIInterfaceOrientationLandscapeLeft UIInterfaceOrientationLandscapeRight";
				LD_RUNPATH_SEARCH_PATHS = (
					"$(inherited)",
					"@executable_path/Frameworks",
				);
				MARKETING_VERSION = 1.0;
				PRODUCT_BUNDLE_IDENTIFIER = Oen.ContactsApp;
				PRODUCT_NAME = "$(TARGET_NAME)";
				STRING_CATALOG_GENERATE_SYMBOLS = YES;
				SWIFT_APPROACHABLE_CONCURRENCY = YES;
				SWIFT_DEFAULT_ACTOR_ISOLATION = MainActor;
				SWIFT_EMIT_LOC_STRINGS = YES;
				SWIFT_UPCOMING_FEATURE_MEMBER_IMPORT_VISIBILITY = YES;
				SWIFT_VERSION = 5.0;
				TARGETED_DEVICE_FAMILY = "1,2";
			};
			name = Release;
		};
/* End XCBuildConfiguration section */

/* Begin XCConfigurationList section */
		BBCF05632F931D2D009A5CB4 /* Build configuration list for PBXProject "ContactsApp" */ = {
			isa = XCConfigurationList;
			buildConfigurations = (
				BBCF05712F931D2D009A5CB4 /* Debug */,
				BBCF05722F931D2D009A5CB4 /* Release */,
			);
			defaultConfigurationIsVisible = 0;
			defaultConfigurationName = Release;
		};
		BBCF05732F931D2D009A5CB4 /* Build configuration list for PBXNativeTarget "ContactsApp" */ = {
			isa = XCConfigurationList;
			buildConfigurations = (
				BBCF05742F931D2D009A5CB4 /* Debug */,
				BBCF05752F931D2D009A5CB4 /* Release */,
			);
			defaultConfigurationIsVisible = 0;
			defaultConfigurationName = Release;
		};
/* End XCConfigurationList section */
	};
	rootObject = BBCF05602F931D2D009A5CB4 /* Project object */;
}
